github.com/davecgh/go-spew v1.1.1 h1:vj9j/u1bqnvCEfJOwUhtlOARqs3+rkHYY13jYWTU97c=
github.com/davecgh/go-spew v1.1.1/go.mod h1:J7Y8YcW2NihsgmVo/mv3lAwl/skON4iLHjSsI+c5H38=
github.com/nextunit-io/go-mock v0.0.0-20240730143511-1fd4c363446a h1:UKzg1U+oAYQkDm4P6izN4WI5AdsTXM8BuvYasGBwq+Q=
github.com/nextunit-io/go-mock v0.0.0-20240730143511-1fd4c363446a/go.mod h1:kecyE7VJ/Cou30y3bWP0trAEXYJ+5hUun/5/2NUue0E=
github.com/nextunit-io/go-mock v0.0.0-20240731050352-a1c9576fe371 h1:WdTbSEtjeHyGLJ51akBkloeWRQWhWsCMzOjwGJNINH0=
github.com/nextunit-io/go-mock v0.0.0-20240731050352-a1c9576fe371/go.mod h1:kecyE7VJ/Cou30y3bWP0trAEXYJ+5hUun/5/2NUue0E=
github.com/nextunit-io/go-mock v0.0.0-20240731051644-97d255a9a00e h1:RZqfMCM/VsDUwty/GShYVWLp1kWpBUki/WPfF6Y2z9o=
github.com/nextunit-io/go-mock v0.0.0-20240731051644-97d255a9a00e/go.mod h1:kecyE7VJ/Cou30y3bWP0trAEXYJ+5hUun/5/2NUue0E=
github.com/nextunit-io/go-mock v0.0.0-20240911152234-c0b0103a4eca h1:ePf7TQDoy4XvByRK1btYMCmXNEdN+WMZufJrRB5vkbg=
github.com/nextunit-io/go-mock v0.0.0-20240911152234-c0b0103a4eca/go.mod h1:kecyE7VJ/Cou30y3bWP0trAEXYJ+5hUun/5/2NUue0E=
github.com/pmezard/go-difflib v1.0.0 h1:4DBwDE0NGyQoBHbLQYPwSUPoCMWR5BEzIk/f1lZbAQM=
github.com/pmezard/go-difflib v1.0.0/go.mod h1:iKH77koFhYxTK1pcRnkKkqfTogsbg7gZNVY4sRDYZ/4=
github.com/stretchr/testify v1.9.0 h1:HtqpIVDClZ4nwg75+f6Lvsy/wHu+3BoSGCbBAcpTsTg=
github.com/stretchr/testify v1.9.0/go.mod h1:r2ic/lqez/lEtzL7wO/rwa5dbSLXVDPFyf8C91i36aY=
gopkg.in/check.v1 v0.0.0-20161208181325-20d25e280405 h1:yhCVgyC4o1eVCa2tZl7eS0r+SDo693bJlVdllGtEeKM=
gopkg.in/check.v1 v0.0.0-20161208181325-20d25e280405/go.mod h1:Co6ibVJAznAaIkqp8huTwlJQCZ016jof/cbN4VW5Yz0=
gopkg.in/yaml.v3 v3.0.1 h1:fxVm/GzAzEWqLHuvctI91KS9hhNmmWOoWu0XTYJS7CA=
gopkg.in/yaml.v3 v3.0.1/go.mod h1:K4uyk7z7BCEPqu6E+C64Yfv1cQ7kz7rIZviUmN+EgEM=
